Microsoft Visual Studio Solution File, Format Version 12.00
# Visual Studio 16
VisualStudioVersion = 12.0.40629.0
MinimumVisualStudioVersion = 10.0.40219.1
Project("{FAE04EC0-301F-11D3-BF4B-00C04F79EFBC}") = "ChildNodesPathDemo", "ChildNodesPathDemo\ChildNodesPathDemo.Net5.csproj", "{BF28D5AD-960F-4DB9-A1EC-168F9D547315}"
EndProject
Project("{2150E333-8FDC-42A3-9474-1A3956D46DE8}") = "Solution Items", "Solution Items", "{805B8A9F-BE69-4B1F-A55C-D5226849DA35}"
	ProjectSection(SolutionItems) = preProject
		ViewModel.cs = ViewModel.cs
	EndProjectSection
EndProject
Global
	GlobalSection(SolutionConfigurationPlatforms) = preSolution
		Debug|Any CPU = Debug|Any CPU
		Release|Any CPU = Release|Any CPU
	EndGlobalSection
	GlobalSection(ProjectConfigurationPlatforms) = postSolution
		{BF28D5AD-960F-4DB9-A1EC-168F9D547315}.Debug|Any CPU.ActiveCfg = Debug|Any CPU
		{BF28D5AD-960F-4DB9-A1EC-168F9D547315}.Debug|Any CPU.Build.0 = Debug|Any CPU
		{BF28D5AD-960F-4DB9-A1EC-168F9D547315}.Release|Any CPU.ActiveCfg = Release|Any CPU
		{BF28D5AD-960F-4DB9-A1EC-168F9D547315}.Release|Any CPU.Build.0 = Release|Any CPU
	EndGlobalSection
	GlobalSection(SolutionProperties) = preSolution
		HideSolutionNode = FALSE
	EndGlobalSection
	GlobalSection(ExtensibilityGlobals) = postSolution
		SolutionGuid = {EACE324C-8B66-4F47-955F-9CA157466405}
	EndGlobalSection
EndGlobal
